
Microsoft Visual Studio Solution File, Format Version 12.00
# Visual Studio 2012
Project("{FAE04EC0-301F-11D3-BF4B-00C04F79EFBC}") = "Web", "Web\Web.csproj", "{55C61FAD-54D6-4A3F-8D8C-D3883FB9ED94}"
EndProject
Project("{FAE04EC0-301F-11D3-BF4B-00C04F79EFBC}") = "Web.Tests", "Web.Tests\Web.Tests.csproj", "{71603B60-035C-40CD-8363-0011353EAEE1}"
EndProject
Project("{FAE04EC0-301F-11D3-BF4B-00C04F79EFBC}") = "Entity", "Entity\Entity.csproj", "{DE792A93-5A6D-40E7-BD2E-E0153C6A9858}"
EndProject
Project("{FAE04EC0-301F-11D3-BF4B-00C04F79EFBC}") = "Service", "Service\Service.csproj", "{CE452C42-C910-407F-ADB0-AC629EB18FF3}"
EndProject
Project("{FAE04EC0-301F-11D3-BF4B-00C04F79EFBC}") = "WebAPI", "WebAPI\WebAPI.csproj", "{6E466A3C-0702-4D76-B726-B904D9E9116C}"
EndProject
Global
	GlobalSection(SolutionConfigurationPlatforms) = preSolution
		Debug|Any CPU = Debug|Any CPU
		Release|Any CPU = Release|Any CPU
	EndGlobalSection
	GlobalSection(ProjectConfigurationPlatforms) = postSolution
		{55C61FAD-54D6-4A3F-8D8C-D3883FB9ED94}.Debug|Any CPU.ActiveCfg = Debug|Any CPU
		{55C61FAD-54D6-4A3F-8D8C-D3883FB9ED94}.Debug|Any CPU.Build.0 = Debug|Any CPU
		{55C61FAD-54D6-4A3F-8D8C-D3883FB9ED94}.Release|Any CPU.ActiveCfg = Release|Any CPU
		{55C61FAD-54D6-4A3F-8D8C-D3883FB9ED94}.Release|Any CPU.Build.0 = Release|Any CPU
		{71603B60-035C-40CD-8363-0011353EAEE1}.Debug|Any CPU.ActiveCfg = Debug|Any CPU
		{71603B60-035C-40CD-8363-0011353EAEE1}.Debug|Any CPU.Build.0 = Debug|Any CPU
		{71603B60-035C-40CD-8363-0011353EAEE1}.Release|Any CPU.ActiveCfg = Release|Any CPU
		{71603B60-035C-40CD-8363-0011353EAEE1}.Release|Any CPU.Build.0 = Release|Any CPU
		{DE792A93-5A6D-40E7-BD2E-E0153C6A9858}.Debug|Any CPU.ActiveCfg = Debug|Any CPU
		{DE792A93-5A6D-40E7-BD2E-E0153C6A9858}.Debug|Any CPU.Build.0 = Debug|Any CPU
		{DE792A93-5A6D-40E7-BD2E-E0153C6A9858}.Release|Any CPU.ActiveCfg = Release|Any CPU
		{DE792A93-5A6D-40E7-BD2E-E0153C6A9858}.Release|Any CPU.Build.0 = Release|Any CPU
		{CE452C42-C910-407F-ADB0-AC629EB18FF3}.Debug|Any CPU.ActiveCfg = Debug|Any CPU
		{CE452C42-C910-407F-ADB0-AC629EB18FF3}.Debug|Any CPU.Build.0 = Debug|Any CPU
		{CE452C42-C910-407F-ADB0-AC629EB18FF3}.Release|Any CPU.ActiveCfg = Release|Any CPU
		{CE452C42-C910-407F-ADB0-AC629EB18FF3}.Release|Any CPU.Build.0 = Release|Any CPU
		{6E466A3C-0702-4D76-B726-B904D9E9116C}.Debug|Any CPU.ActiveCfg = Debug|Any CPU
		{6E466A3C-0702-4D76-B726-B904D9E9116C}.Debug|Any CPU.Build.0 = Debug|Any CPU
		{6E466A3C-0702-4D76-B726-B904D9E9116C}.Release|Any CPU.ActiveCfg = Release|Any CPU
		{6E466A3C-0702-4D76-B726-B904D9E9116C}.Release|Any CPU.Build.0 = Release|Any CPU
	EndGlobalSection
EndGlobal
